// !$*UTF8*$!
{
	archiveVersion = 1;
	classes = {
	};
	objectVersion = 56;
	objects = {

/* Begin PBXBuildFile section */
		5802A44A294378550076BF78 /* AppDelegate.swift in Sources */ = {isa = PBXBuildFile; fileRef = 5802A449294378550076BF78 /* AppDelegate.swift */; };
		5802A44C294378550076BF78 /* SceneDelegate.swift in Sources */ = {isa = PBXBuildFile; fileRef = 5802A44B294378550076BF78 /* SceneDelegate.swift */; };
		5802A44E294378550076BF78 /* ViewController.swift in Sources */ = {isa = PBXBuildFile; fileRef = 5802A44D294378550076BF78 /* ViewController.swift */; };
		5802A451294378550076BF78 /* Main.storyboard in Resources */ = {isa = PBXBuildFile; fileRef = 5802A44F294378550076BF78 /* Main.storyboard */; };
		5802A453294378570076BF78 /* Assets.xcassets in Resources */ = {isa = PBXBuildFile; fileRef = 5802A452294378570076BF78 /* Assets.xcassets */; };
		5802A456294378570076BF78 /* LaunchScreen.storyboard in Resources */ = {isa = PBXBuildFile; fileRef = 5802A454294378570076BF78 /* LaunchScreen.storyboard */; };
		5802A461294378570076BF78 /* gesturesTests.swift in Sources */ = {isa = PBXBuildFile; fileRef = 5802A460294378570076BF78 /* gesturesTests.swift */; };
		5802A46B294378570076BF78 /* gesturesUITests.swift in Sources */ = {isa = PBXBuildFile; fileRef = 5802A46A294378570076BF78 /* gesturesUITests.swift */; };
		5802A46D294378570076BF78 /* gesturesUITestsLaunchTests.swift in Sources */ = {isa = PBXBuildFile; fileRef = 5802A46C294378570076BF78 /* gesturesUITestsLaunchTests.swift */; };
/* End PBXBuildFile section */

/* Begin PBXContainerItemProxy section */
		5802A45D294378570076BF78 /* PBXContainerItemProxy */ = {
			isa = PBXContainerItemProxy;
			containerPortal = 5802A43E294378550076BF78 /* Project object */;
			proxyType = 1;
			remoteGlobalIDString = 5802A445294378550076BF78;
			remoteInfo = gestures;
		};
		5802A467294378570076BF78 /* PBXContainerItemProxy */ = {
			isa = PBXContainerItemProxy;
			containerPortal = 5802A43E294378550076BF78 /* Project object */;
			proxyType = 1;
			remoteGlobalIDString = 5802A445294378550076BF78;
			remoteInfo = gestures;
		};
/* End PBXContainerItemProxy section */

/* Begin PBXFileReference section */
		5802A446294378550076BF78 /* gestures.app */ = {isa = PBXFileReference; explicitFileType = wrapper.application; includeInIndex = 0; path = gestures.app; sourceTree = BUILT_PRODUCTS_DIR; };
		5802A449294378550076BF78 /* AppDelegate.swift */ = {isa = PBXFileReference; lastKnownFileType = sourcecode.swift; path = AppDelegate.swift; sourceTree = "<group>"; };
		5802A44B294378550076BF78 /* SceneDelegate.swift */ = {isa = PBXFileReference; lastKnownFileType = sourcecode.swift; path = SceneDelegate.swift; sourceTree = "<group>"; };
		5802A44D294378550076BF78 /* ViewController.swift */ = {isa = PBXFileReference; lastKnownFileType = sourcecode.swift; path = ViewController.swift; sourceTree = "<group>"; };
		5802A450294378550076BF78 /* Base */ = {isa = PBXFileReference; lastKnownFileType = file.storyboard; name = Base; path = Base.lproj/Main.storyboard; sourceTree = "<group>"; };
		5802A452294378570076BF78 /* Assets.xcassets */ = {isa = PBXFileReference; lastKnownFileType = folder.assetcatalog; path = Assets.xcassets; sourceTree = "<group>"; };
		5802A455294378570076BF78 /* Base */ = {isa = PBXFileReference; lastKnownFileType = file.storyboard; name = Base; path = Base.lproj/LaunchScreen.storyboard; sourceTree = "<group>"; };
		5802A457294378570076BF78 /* Info.plist */ = {isa = PBXFileReference; lastKnownFileType = text.plist.xml; path = Info.plist; sourceTree = "<group>"; };
		5802A45C294378570076BF78 /* gesturesTests.xctest */ = {isa = PBXFileReference; explicitFileType = wrapper.cfbundle; includeInIndex = 0; path = gesturesTests.xctest; sourceTree = BUILT_PRODUCTS_DIR; };
		5802A460294378570076BF78 /* gesturesTests.swift */ = {isa = PBXFileReference; lastKnownFileType = sourcecode.swift; path = gesturesTests.swift; sourceTree = "<group>"; };
		5802A466294378570076BF78 /* gesturesUITests.xctest */ = {isa = PBXFileReference; explicitFileType = wrapper.cfbundle; includeInIndex = 0; path = gesturesUITests.xctest; sourceTree = BUILT_PRODUCTS_DIR; };
		5802A46A294378570076BF78 /* gesturesUITests.swift */ = {isa = PBXFileReference; lastKnownFileType = sourcecode.swift; path = gesturesUITests.swift; sourceTree = "<group>"; };
		5802A46C294378570076BF78 /* gesturesUITestsLaunchTests.swift */ = {isa = PBXFileReference; lastKnownFileType = sourcecode.swift; path = gesturesUITestsLaunchTests.swift; sourceTree = "<group>"; };
/* End PBXFileReference section */

/* Begin PBXFrameworksBuildPhase section */
		5802A443294378550076BF78 /* Frameworks */ = {
			isa = PBXFrameworksBuildPhase;
			buildActionMask = 2147483647;
			files = (
			);
			runOnlyForDeploymentPostprocessing = 0;
		};
		5802A459294378570076BF78 /* Frameworks */ = {
			isa = PBXFrameworksBuildPhase;
			buildActionMask = 2147483647;
			files = (
			);
			runOnlyForDeploymentPostprocessing = 0;
		};
		5802A463294378570076BF78 /* Frameworks */ = {
			isa = PBXFrameworksBuildPhase;
			buildActionMask = 2147483647;
			files = (
			);
			runOnlyForDeploymentPostprocessing = 0;
		};
/* End PBXFrameworksBuildPhase section */

/* Begin PBXGroup section */
		5802A43D294378550076BF78 = {
			isa = PBXGroup;
			children = (
				5802A448294378550076BF78 /* gestures */,
				5802A45F294378570076BF78 /* gesturesTests */,
				5802A469294378570076BF78 /* gesturesUITests */,
				5802A447294378550076BF78 /* Products */,
			);
			sourceTree = "<group>";
		};
		5802A447294378550076BF78 /* Products */ = {
			isa = PBXGroup;
			children = (
				5802A446294378550076BF78 /* gestures.app */,
				5802A45C294378570076BF78 /* gesturesTests.xctest */,
				5802A466294378570076BF78 /* gesturesUITests.xctest */,
			);
			name = Products;
			sourceTree = "<group>";
		};
		5802A448294378550076BF78 /* gestures */ = {
			isa = PBXGroup;
			children = (
				5802A449294378550076BF78 /* AppDelegate.swift */,
				5802A44B294378550076BF78 /* SceneDelegate.swift */,
				5802A44D294378550076BF78 /* ViewController.swift */,
				5802A44F294378550076BF78 /* Main.storyboard */,
				5802A452294378570076BF78 /* Assets.xcassets */,
				5802A454294378570076BF78 /* LaunchScreen.storyboard */,
				5802A457294378570076BF78 /* Info.plist */,
			);
			path = gestures;
			sourceTree = "<group>";
		};
		5802A45F294378570076BF78 /* gesturesTests */ = {
			isa = PBXGroup;
			children = (
				5802A460294378570076BF78 /* gesturesTests.swift */,
			);
			path = gesturesTests;
			sourceTree = "<group>";
		};
		5802A469294378570076BF78 /* gesturesUITests */ = {
			isa = PBXGroup;
			children = (
				5802A46A294378570076BF78 /* gesturesUITests.swift */,
				5802A46C294378570076BF78 /* gesturesUITestsLaunchTests.swift */,
			);
			path = gesturesUITests;
			sourceTree = "<group>";
		};
/* End PBXGroup section */

/* Begin PBXNativeTarget section */
		5802A445294378550076BF78 /* gestures */ = {
			isa = PBXNativeTarget;
			buildConfigurationList = 5802A470294378570076BF78 /* Build configuration list for PBXNativeTarget "gestures" */;
			buildPhases = (
				5802A442294378550076BF78 /* Sources */,
				5802A443294378550076BF78 /* Frameworks */,
				5802A444294378550076BF78 /* Resources */,
			);
			buildRules = (
			);
			dependencies = (
			);
			name = gestures;
			productName = gestures;
			productReference = 5802A446294378550076BF78 /* gestures.app */;
			productType = "com.apple.product-type.application";
		};
		5802A45B294378570076BF78 /* gesturesTests */ = {
			isa = PBXNativeTarget;
			buildConfigurationList = 5802A473294378570076BF78 /* Build configuration list for PBXNativeTarget "gesturesTests" */;
			buildPhases = (
				5802A458294378570076BF78 /* Sources */,
				5802A459294378570076BF78 /* Frameworks */,
				5802A45A294378570076BF78 /* Resources */,
			);
			buildRules = (
			);
			dependencies = (
				5802A45E294378570076BF78 /* PBXTargetDependency */,
			);
			name = gesturesTests;
			productName = gesturesTests;
			productReference = 5802A45C294378570076BF78 /* gesturesTests.xctest */;
			productType = "com.apple.product-type.bundle.unit-test";
		};
		5802A465294378570076BF78 /* gesturesUITests */ = {
			isa = PBXNativeTarget;
			buildConfigurationList = 5802A476294378570076BF78 /* Build configuration list for PBXNativeTarget "gesturesUITests" */;
			buildPhases = (
				5802A462294378570076BF78 /* Sources */,
				5802A463294378570076BF78 /* Frameworks */,
				5802A464294378570076BF78 /* Resources */,
			);
			buildRules = (
			);
			dependencies = (
				5802A468294378570076BF78 /* PBXTargetDependency */,
			);
			name = gesturesUITests;
			productName = gesturesUITests;
			productReference = 5802A466294378570076BF78 /* gesturesUITests.xctest */;
			productType = "com.apple.product-type.bundle.ui-testing";
		};
/* End PBXNativeTarget section */

/* Begin PBXProject section */
		5802A43E294378550076BF78 /* Project object */ = {
			isa = PBXProject;
			attributes = {
				BuildIndependentTargetsInParallel = 1;
				LastSwiftUpdateCheck = 1410;
				LastUpgradeCheck = 1410;
				TargetAttributes = {
					5802A445294378550076BF78 = {
						CreatedOnToolsVersion = 14.1;
					};
					5802A45B294378570076BF78 = {
						CreatedOnToolsVersion = 14.1;
						TestTargetID = 5802A445294378550076BF78;
					};
					5802A465294378570076BF78 = {
						CreatedOnToolsVersion = 14.1;
						TestTargetID = 5802A445294378550076BF78;
					};
				};
			};
			buildConfigurationList = 5802A441294378550076BF78 /* Build configuration list for PBXProject "gestures" */;
			compatibilityVersion = "Xcode 14.0";
			developmentRegion = en;
			hasScannedForEncodings = 0;
			knownRegions = (
				en,
				Base,
			);
			mainGroup = 5802A43D294378550076BF78;
			productRefGroup = 5802A447294378550076BF78 /* Products */;
			projectDirPath = "";
			projectRoot = "";
			targets = (
				5802A445294378550076BF78 /* gestures */,
				5802A45B294378570076BF78 /* gesturesTests */,
				5802A465294378570076BF78 /* gesturesUITests */,
			);
		};
/* End PBXProject section */

/* Begin PBXResourcesBuildPhase section */
		5802A444294378550076BF78 /* Resources */ = {
			isa = PBXResourcesBuildPhase;
			buildActionMask = 2147483647;
			files = (
				5802A456294378570076BF78 /* LaunchScreen.storyboard in Resources */,
				5802A453294378570076BF78 /* Assets.xcassets in Resources */,
				5802A451294378550076BF78 /* Main.storyboard in Resources */,
			);
			runOnlyForDeploymentPostprocessing = 0;
		};
		5802A45A294378570076BF78 /* Resources */ = {
			isa = PBXResourcesBuildPhase;
			buildActionMask = 2147483647;
			files = (
			);
			runOnlyForDeploymentPostprocessing = 0;
		};
		5802A464294378570076BF78 /* Resources */ = {
			isa = PBXResourcesBuildPhase;
			buildActionMask = 2147483647;
			files = (
			);
			runOnlyForDeploymentPostprocessing = 0;
		};
/* End PBXResourcesBuildPhase section */

/* Begin PBXSourcesBuildPhase section */
		5802A442294378550076BF78 /* Sources */ = {
			isa = PBXSourcesBuildPhase;
			buildActionMask = 2147483647;
			files = (
				5802A44E294378550076BF78 /* ViewController.swift in Sources */,
				5802A44A294378550076BF78 /* AppDelegate.swift in Sources */,
				5802A44C294378550076BF78 /* SceneDelegate.swift in Sources */,
			);
			runOnlyForDeploymentPostprocessing = 0;
		};
		5802A458294378570076BF78 /* Sources */ = {
			isa = PBXSourcesBuildPhase;
			buildActionMask = 2147483647;
			files = (
				5802A461294378570076BF78 /* gesturesTests.swift in Sources */,
			);
			runOnlyForDeploymentPostprocessing = 0;
		};
		5802A462294378570076BF78 /* Sources */ = {
			isa = PBXSourcesBuildPhase;
			buildActionMask = 2147483647;
			files = (
				5802A46D294378570076BF78 /* gesturesUITestsLaunchTests.swift in Sources */,
				5802A46B294378570076BF78 /* gesturesUITests.swift in Sources */,
			);
			runOnlyForDeploymentPostprocessing = 0;
		};
/* End PBXSourcesBuildPhase section */

/* Begin PBXTargetDependency section */
		5802A45E294378570076BF78 /* PBXTargetDependency */ = {
			isa = PBXTargetDependency;
			target = 5802A445294378550076BF78 /* gestures */;
			targetProxy = 5802A45D294378570076BF78 /* PBXContainerItemProxy */;
		};
		5802A468294378570076BF78 /* PBXTargetDependency */ = {
			isa = PBXTargetDependency;
			target = 5802A445294378550076BF78 /* gestures */;
			targetProxy = 5802A467294378570076BF78 /* PBXContainerItemProxy */;
		};
/* End PBXTargetDependency section */

/* Begin PBXVariantGroup section */
		5802A44F294378550076BF78 /* Main.storyboard */ = {
			isa = PBXVariantGroup;
			children = (
				5802A450294378550076BF78 /* Base */,
			);
			name = Main.storyboard;
			sourceTree = "<group>";
		};
		5802A454294378570076BF78 /* LaunchScreen.storyboard */ = {
			isa = PBXVariantGroup;
			children = (
				5802A455294378570076BF78 /* Base */,
			);
			name = LaunchScreen.storyboard;
			sourceTree = "<group>";
		};
/* End PBXVariantGroup section */

/* Begin XCBuildConfiguration section */
		5802A46E294378570076BF78 /* Debug */ = {
			isa = XCBuildConfiguration;
			buildSettings = {
				ALWAYS_SEARCH_USER_PATHS = NO;
				CLANG_ANALYZER_NONNULL = YES;
				CLANG_ANALYZER_NUMBER_OBJECT_CONVERSION = YES_AGGRESSIVE;
				CLANG_CXX_LANGUAGE_STANDARD = "gnu++20";
				CLANG_ENABLE_MODULES = YES;
				CLANG_ENABLE_OBJC_ARC = YES;
				CLANG_ENABLE_OBJC_WEAK = YES;
				CLANG_WARN_BLOCK_CAPTURE_AUTORELEASING = YES;
				CLANG_WARN_BOOL_CONVERSION = YES;
				CLANG_WARN_COMMA = YES;
				CLANG_WARN_CONSTANT_CONVERSION = YES;
				CLANG_WARN_DEPRECATED_OBJC_IMPLEMENTATIONS = YES;
				CLANG_WARN_DIRECT_OBJC_ISA_USAGE = YES_ERROR;
				CLANG_WARN_DOCUMENTATION_COMMENTS = YES;
				CLANG_WARN_EMPTY_BODY = YES;
				CLANG_WARN_ENUM_CONVERSION = YES;
				CLANG_WARN_INFINITE_RECURSION = YES;
				CLANG_WARN_INT_CONVERSION = YES;
				CLANG_WARN_NON_LITERAL_NULL_CONVERSION = YES;
				CLANG_WARN_OBJC_IMPLICIT_RETAIN_SELF = YES;
				CLANG_WARN_OBJC_LITERAL_CONVERSION = YES;
				CLANG_WARN_OBJC_ROOT_CLASS = YES_ERROR;
				CLANG_WARN_QUOTED_INCLUDE_IN_FRAMEWORK_HEADER = YES;
				CLANG_WARN_RANGE_LOOP_ANALYSIS = YES;
				CLANG_WARN_STRICT_PROTOTYPES = YES;
				CLANG_WARN_SUSPICIOUS_MOVE = YES;
				CLANG_WARN_UNGUARDED_AVAILABILITY = YES_AGGRESSIVE;
				CLANG_WARN_UNREACHABLE_CODE = YES;
				CLANG_WARN__DUPLICATE_METHOD_MATCH = YES;
				COPY_PHASE_STRIP = NO;
				DEBUG_INFORMATION_FORMAT = dwarf;
				ENABLE_STRICT_OBJC_MSGSEND = YES;
				ENABLE_TESTABILITY = YES;
				GCC_C_LANGUAGE_STANDARD = gnu11;
				GCC_DYNAMIC_NO_PIC = NO;
				GCC_NO_COMMON_BLOCKS = YES;
				GCC_OPTIMIZATION_LEVEL = 0;
				GCC_PREPROCESSOR_DEFINITIONS = (
					"DEBUG=1",
					"$(inherited)",
				);
				GCC_WARN_64_TO_32_BIT_CONVERSION = YES;
				GCC_WARN_ABOUT_RETURN_TYPE = YES_ERROR;
				GCC_WARN_UNDECLARED_SELECTOR = YES;
				GCC_WARN_UNINITIALIZED_AUTOS = YES_AGGRESSIVE;
				GCC_WARN_UNUSED_FUNCTION = YES;
				GCC_WARN_UNUSED_VARIABLE = YES;
				IPHONEOS_DEPLOYMENT_TARGET = 16.1;
				MTL_ENABLE_DEBUG_INFO = INCLUDE_SOURCE;
				MTL_FAST_MATH = YES;
				ONLY_ACTIVE_ARCH = YES;
				SDKROOT = iphoneos;
				SWIFT_ACTIVE_COMPILATION_CONDITIONS = DEBUG;
				SWIFT_OPTIMIZATION_LEVEL = "-Onone";
			};
			name = Debug;
		};
		5802A46F294378570076BF78 /* Release */ = {
			isa = XCBuildConfiguration;
			buildSettings = {
				ALWAYS_SEARCH_USER_PATHS = NO;
				CLANG_ANALYZER_NONNULL = YES;
				CLANG_ANALYZER_NUMBER_OBJECT_CONVERSION = YES_AGGRESSIVE;
				CLANG_CXX_LANGUAGE_STANDARD = "gnu++20";
				CLANG_ENABLE_MODULES = YES;
				CLANG_ENABLE_OBJC_ARC = YES;
				CLANG_ENABLE_OBJC_WEAK = YES;
				CLANG_WARN_BLOCK_CAPTURE_AUTORELEASING = YES;
				CLANG_WARN_BOOL_CONVERSION = YES;
				CLANG_WARN_COMMA = YES;
				CLANG_WARN_CONSTANT_CONVERSION = YES;
				CLANG_WARN_DEPRECATED_OBJC_IMPLEMENTATIONS = YES;
				CLANG_WARN_DIRECT_OBJC_ISA_USAGE = YES_ERROR;
				CLANG_WARN_DOCUMENTATION_COMMENTS = YES;
				CLANG_WARN_EMPTY_BODY = YES;
				CLANG_WARN_ENUM_CONVERSION = YES;
				CLANG_WARN_INFINITE_RECURSION = YES;
				CLANG_WARN_INT_CONVERSION = YES;
				CLANG_WARN_NON_LITERAL_NULL_CONVERSION = YES;
				CLANG_WARN_OBJC_IMPLICIT_RETAIN_SELF = YES;
				CLANG_WARN_OBJC_LITERAL_CONVERSION = YES;
				CLANG_WARN_OBJC_ROOT_CLASS = YES_ERROR;
				CLANG_WARN_QUOTED_INCLUDE_IN_FRAMEWORK_HEADER = YES;
				CLANG_WARN_RANGE_LOOP_ANALYSIS = YES;
				CLANG_WARN_STRICT_PROTOTYPES = YES;
				CLANG_WARN_SUSPICIOUS_MOVE = YES;
				CLANG_WARN_UNGUARDED_AVAILABILITY = YES_AGGRESSIVE;
				CLANG_WARN_UNREACHABLE_CODE = YES;
				CLANG_WARN__DUPLICATE_METHOD_MATCH = YES;
				COPY_PHASE_STRIP = NO;
				DEBUG_INFORMATION_FORMAT = "dwarf-with-dsym";
				ENABLE_NS_ASSERTIONS = NO;
				ENABLE_STRICT_OBJC_MSGSEND = YES;
				GCC_C_LANGUAGE_STANDARD = gnu11;
				GCC_NO_COMMON_BLOCKS = YES;
				GCC_WARN_64_TO_32_BIT_CONVERSION = YES;
				GCC_WARN_ABOUT_RETURN_TYPE = YES_ERROR;
				GCC_WARN_UNDECLARED_SELECTOR = YES;
				GCC_WARN_UNINITIALIZED_AUTOS = YES_AGGRESSIVE;
				GCC_WARN_UNUSED_FUNCTION = YES;
				GCC_WARN_UNUSED_VARIABLE = YES;
				IPHONEOS_DEPLOYMENT_TARGET = 16.1;
				MTL_ENABLE_DEBUG_INFO = NO;
				MTL_FAST_MATH = YES;
				SDKROOT = iphoneos;
				SWIFT_COMPILATION_MODE = wholemodule;
				SWIFT_OPTIMIZATION_LEVEL = "-O";
				VALIDATE_PRODUCT = YES;
			};
			name = Release;
		};
		5802A471294378570076BF78 /* Debug */ = {
			isa = XCBuildConfiguration;
			buildSettings = {
				ASSETCATALOG_COMPILER_APPICON_NAME = AppIcon;
				ASSETCATALOG_COMPILER_GLOBAL_ACCENT_COLOR_NAME = AccentColor;
				CODE_SIGN_STYLE = Automatic;
				CURRENT_PROJECT_VERSION = 1;
				GENERATE_INFOPLIST_FILE = YES;
				INFOPLIST_FILE = gestures/Info.plist;
				INFOPLIST_KEY_UIApplicationSupportsIndirectInputEvents = YES;
				INFOPLIST_KEY_UILaunchStoryboardName = LaunchScreen;
				INFOPLIST_KEY_UIMainStoryboardFile = Main;
				INFOPLIST_KEY_UISupportedInterfaceOrientations_iPad = "UIInterfaceOrientationPortrait UIInterfaceOrientationPortraitUpsideDown UIInterfaceOrientationLandscapeLeft UIInterfaceOrientationLandscapeRight";
				INFOPLIST_KEY_UISupportedInterfaceOrientations_iPhone = "UIInterfaceOrientationPortrait UIInterfaceOrientationLandscapeLeft UIInterfaceOrientationLandscapeRight";
				LD_RUNPATH_SEARCH_PATHS = (
					"$(inherited)",
					"@executable_path/Frameworks",
				);
				MARKETING_VERSION = 1.0;
				PRODUCT_BUNDLE_IDENTIFIER = com.turan.gestures;
				PRODUCT_NAME = "$(TARGET_NAME)";
				SWIFT_EMIT_LOC_STRINGS = YES;
				SWIFT_VERSION = 5.0;
				TARGETED_DEVICE_FAMILY = "1,2";
			};
			name = Debug;
		};
		5802A472294378570076BF78 /* Release */ = {
			isa = XCBuildConfiguration;
			buildSettings = {
				ASSETCATALOG_COMPILER_APPICON_NAME = AppIcon;
				ASSETCATALOG_COMPILER_GLOBAL_ACCENT_COLOR_NAME = AccentColor;
				CODE_SIGN_STYLE = Automatic;
				CURRENT_PROJECT_VERSION = 1;
				GENERATE_INFOPLIST_FILE = YES;
				INFOPLIST_FILE = gestures/Info.plist;
				INFOPLIST_KEY_UIApplicationSupportsIndirectInputEvents = YES;
				INFOPLIST_KEY_UILaunchStoryboardName = LaunchScreen;
				INFOPLIST_KEY_UIMainStoryboardFile = Main;
				INFOPLIST_KEY_UISupportedInterfaceOrientations_iPad = "UIInterfaceOrientationPortrait UIInterfaceOrientationPortraitUpsideDown UIInterfaceOrientationLandscapeLeft UIInterfaceOrientationLandscapeRight";
				INFOPLIST_KEY_UISupportedInterfaceOrientations_iPhone = "UIInterfaceOrientationPortrait UIInterfaceOrientationLandscapeLeft UIInterfaceOrientationLandscapeRight";
				LD_RUNPATH_SEARCH_PATHS = (
					"$(inherited)",
					"@executable_path/Frameworks",
				);
				MARKETING_VERSION = 1.0;
				PRODUCT_BUNDLE_IDENTIFIER = com.turan.gestures;
				PRODUCT_NAME = "$(TARGET_NAME)";
				SWIFT_EMIT_LOC_STRINGS = YES;
				SWIFT_VERSION = 5.0;
				TARGETED_DEVICE_FAMILY = "1,2";
			};
			name = Release;
		};
		5802A474294378570076BF78 /* Debug */ = {
			isa = XCBuildConfiguration;
			buildSettings = {
				ALWAYS_EMBED_SWIFT_STANDARD_LIBRARIES = YES;
				BUNDLE_LOADER = "$(TEST_HOST)";
				CODE_SIGN_STYLE = Automatic;
				CURRENT_PROJECT_VERSION = 1;
				GENERATE_INFOPLIST_FILE = YES;
				IPHONEOS_DEPLOYMENT_TARGET = 16.1;
				MARKETING_VERSION = 1.0;
				PRODUCT_BUNDLE_IDENTIFIER = com.turan.gesturesTests;
				PRODUCT_NAME = "$(TARGET_NAME)";
				SWIFT_EMIT_LOC_STRINGS = NO;
				SWIFT_VERSION = 5.0;
				TARGETED_DEVICE_FAMILY = "1,2";
				TEST_HOST = "$(BUILT_PRODUCTS_DIR)/gestures.app/$(BUNDLE_EXECUTABLE_FOLDER_PATH)/gestures";
			};
			name = Debug;
		};
		5802A475294378570076BF78 /* Release */ = {
			isa = XCBuildConfiguration;
			buildSettings = {
				ALWAYS_EMBED_SWIFT_STANDARD_LIBRARIES = YES;
				BUNDLE_LOADER = "$(TEST_HOST)";
				CODE_SIGN_STYLE = Automatic;
				CURRENT_PROJECT_VERSION = 1;
				GENERATE_INFOPLIST_FILE = YES;
				IPHONEOS_DEPLOYMENT_TARGET = 16.1;
				MARKETING_VERSION = 1.0;
				PRODUCT_BUNDLE_IDENTIFIER = com.turan.gesturesTests;
				PRODUCT_NAME = "$(TARGET_NAME)";
				SWIFT_EMIT_LOC_STRINGS = NO;
				SWIFT_VERSION = 5.0;
				TARGETED_DEVICE_FAMILY = "1,2";
				TEST_HOST = "$(BUILT_PRODUCTS_DIR)/gestures.app/$(BUNDLE_EXECUTABLE_FOLDER_PATH)/gestures";
			};
			name = Release;
		};
		5802A477294378570076BF78 /* Debug */ = {
			isa = XCBuildConfiguration;
			buildSettings = {
				ALWAYS_EMBED_SWIFT_STANDARD_LIBRARIES = YES;
				CODE_SIGN_STYLE = Automatic;
				CURRENT_PROJECT_VERSION = 1;
				GENERATE_INFOPLIST_FILE = YES;
				MARKETING_VERSION = 1.0;
				PRODUCT_BUNDLE_IDENTIFIER = com.turan.gesturesUITests;
				PRODUCT_NAME = "$(TARGET_NAME)";
				SWIFT_EMIT_LOC_STRINGS = NO;
				SWIFT_VERSION = 5.0;
				TARGETED_DEVICE_FAMILY = "1,2";
				TEST_TARGET_NAME = gestures;
			};
			name = Debug;
		};
		5802A478294378570076BF78 /* Release */ = {
			isa = XCBuildConfiguration;
			buildSettings = {
				ALWAYS_EMBED_SWIFT_STANDARD_LIBRARIES = YES;
				CODE_SIGN_STYLE = Automatic;
				CURRENT_PROJECT_VERSION = 1;
				GENERATE_INFOPLIST_FILE = YES;
				MARKETING_VERSION = 1.0;
				PRODUCT_BUNDLE_IDENTIFIER = com.turan.gesturesUITests;
				PRODUCT_NAME = "$(TARGET_NAME)";
				SWIFT_EMIT_LOC_STRINGS = NO;
				SWIFT_VERSION = 5.0;
				TARGETED_DEVICE_FAMILY = "1,2";
				TEST_TARGET_NAME = gestures;
			};
			name = Release;
		};
/* End XCBuildConfiguration section */

/* Begin XCConfigurationList section */
		5802A441294378550076BF78 /* Build configuration list for PBXProject "gestures" */ = {
			isa = XCConfigurationList;
			buildConfigurations = (
				5802A46E294378570076BF78 /* Debug */,
				5802A46F294378570076BF78 /* Release */,
			);
			defaultConfigurationIsVisible = 0;
			defaultConfigurationName = Release;
		};
		5802A470294378570076BF78 /* Build configuration list for PBXNativeTarget "gestures" */ = {
			isa = XCConfigurationList;
			buildConfigurations = (
				5802A471294378570076BF78 /* Debug */,
				5802A472294378570076BF78 /* Release */,
			);
			defaultConfigurationIsVisible = 0;
			defaultConfigurationName = Release;
		};
		5802A473294378570076BF78 /* Build configuration list for PBXNativeTarget "gesturesTests" */ = {
			isa = XCConfigurationList;
			buildConfigurations = (
				5802A474294378570076BF78 /* Debug */,
				5802A475294378570076BF78 /* Release */,
			);
			defaultConfigurationIsVisible = 0;
			defaultConfigurationName = Release;
		};
		5802A476294378570076BF78 /* Build configuration list for PBXNativeTarget "gesturesUITests" */ = {
			isa = XCConfigurationList;
			buildConfigurations = (
				5802A477294378570076BF78 /* Debug */,
				5802A478294378570076BF78 /* Release */,
			);
			defaultConfigurationIsVisible = 0;
			defaultConfigurationName = Release;
		};
/* End XCConfigurationList section */
	};
	rootObject = 5802A43E294378550076BF78 /* Project object */;
}
