// !$*UTF8*$!
{
	archiveVersion = 1;
	classes = {
	};
	objectVersion = 56;
	objects = {

/* Begin PBXBuildFile section */
		5DBA0770298EA2C70038522A /* AppDelegate.swift in Sources */ = {isa = PBXBuildFile; fileRef = 5DBA076F298EA2C70038522A /* AppDelegate.swift */; };
		5DBA0772298EA2C70038522A /* SceneDelegate.swift in Sources */ = {isa = PBXBuildFile; fileRef = 5DBA0771298EA2C70038522A /* SceneDelegate.swift */; };
		5DBA0774298EA2C70038522A /* ViewController.swift in Sources */ = {isa = PBXBuildFile; fileRef = 5DBA0773298EA2C70038522A /* ViewController.swift */; };
		5DBA0777298EA2C70038522A /* Main.storyboard in Resources */ = {isa = PBXBuildFile; fileRef = 5DBA0775298EA2C70038522A /* Main.storyboard */; };
		5DBA0779298EA2C80038522A /* Assets.xcassets in Resources */ = {isa = PBXBuildFile; fileRef = 5DBA0778298EA2C80038522A /* Assets.xcassets */; };
		5DBA077C298EA2C80038522A /* LaunchScreen.storyboard in Resources */ = {isa = PBXBuildFile; fileRef = 5DBA077A298EA2C80038522A /* LaunchScreen.storyboard */; };
		5DBA0787298EA2C80038522A /* CryptoMvvmTests.swift in Sources */ = {isa = PBXBuildFile; fileRef = 5DBA0786298EA2C80038522A /* CryptoMvvmTests.swift */; };
		5DBA0791298EA2C80038522A /* CryptoMvvmUITests.swift in Sources */ = {isa = PBXBuildFile; fileRef = 5DBA0790298EA2C80038522A /* CryptoMvvmUITests.swift */; };
		5DBA0793298EA2C80038522A /* CryptoMvvmUITestsLaunchTests.swift in Sources */ = {isa = PBXBuildFile; fileRef = 5DBA0792298EA2C80038522A /* CryptoMvvmUITestsLaunchTests.swift */; };
		5DBA07A0298EA41D0038522A /* CryptoTableViewCell.swift in Sources */ = {isa = PBXBuildFile; fileRef = 5DBA079F298EA41D0038522A /* CryptoTableViewCell.swift */; };
		5DBA07A7298EA5C90038522A /* CryptoCurrency.swift in Sources */ = {isa = PBXBuildFile; fileRef = 5DBA07A6298EA5C90038522A /* CryptoCurrency.swift */; };
		5DBA07A9298EA6BD0038522A /* CryptoService.swift in Sources */ = {isa = PBXBuildFile; fileRef = 5DBA07A8298EA6BD0038522A /* CryptoService.swift */; };
		5DBA07AB298EAE390038522A /* CryptoViewModel.swift in Sources */ = {isa = PBXBuildFile; fileRef = 5DBA07AA298EAE390038522A /* CryptoViewModel.swift */; };
/* End PBXBuildFile section */

/* Begin PBXContainerItemProxy section */
		5DBA0783298EA2C80038522A /* PBXContainerItemProxy */ = {
			isa = PBXContainerItemProxy;
			containerPortal = 5DBA0764298EA2C70038522A /* Project object */;
			proxyType = 1;
			remoteGlobalIDString = 5DBA076B298EA2C70038522A;
			remoteInfo = CryptoMvvm;
		};
		5DBA078D298EA2C80038522A /* PBXContainerItemProxy */ = {
			isa = PBXContainerItemProxy;
			containerPortal = 5DBA0764298EA2C70038522A /* Project object */;
			proxyType = 1;
			remoteGlobalIDString = 5DBA076B298EA2C70038522A;
			remoteInfo = CryptoMvvm;
		};
/* End PBXContainerItemProxy section */

/* Begin PBXFileReference section */
		5DBA076C298EA2C70038522A /* CryptoMvvm.app */ = {isa = PBXFileReference; explicitFileType = wrapper.application; includeInIndex = 0; path = CryptoMvvm.app; sourceTree = BUILT_PRODUCTS_DIR; };
		5DBA076F298EA2C70038522A /* AppDelegate.swift */ = {isa = PBXFileReference; lastKnownFileType = sourcecode.swift; path = AppDelegate.swift; sourceTree = "<group>"; };
		5DBA0771298EA2C70038522A /* SceneDelegate.swift */ = {isa = PBXFileReference; lastKnownFileType = sourcecode.swift; path = SceneDelegate.swift; sourceTree = "<group>"; };
		5DBA0773298EA2C70038522A /* ViewController.swift */ = {isa = PBXFileReference; lastKnownFileType = sourcecode.swift; path = ViewController.swift; sourceTree = "<group>"; };
		5DBA0776298EA2C70038522A /* Base */ = {isa = PBXFileReference; lastKnownFileType = file.storyboard; name = Base; path = Base.lproj/Main.storyboard; sourceTree = "<group>"; };
		5DBA0778298EA2C80038522A /* Assets.xcassets */ = {isa = PBXFileReference; lastKnownFileType = folder.assetcatalog; path = Assets.xcassets; sourceTree = "<group>"; };
		5DBA077B298EA2C80038522A /* Base */ = {isa = PBXFileReference; lastKnownFileType = file.storyboard; name = Base; path = Base.lproj/LaunchScreen.storyboard; sourceTree = "<group>"; };
		5DBA077D298EA2C80038522A /* Info.plist */ = {isa = PBXFileReference; lastKnownFileType = text.plist.xml; path = Info.plist; sourceTree = "<group>"; };
		5DBA0782298EA2C80038522A /* CryptoMvvmTests.xctest */ = {isa = PBXFileReference; explicitFileType = wrapper.cfbundle; includeInIndex = 0; path = CryptoMvvmTests.xctest; sourceTree = BUILT_PRODUCTS_DIR; };
		5DBA0786298EA2C80038522A /* CryptoMvvmTests.swift */ = {isa = PBXFileReference; lastKnownFileType = sourcecode.swift; path = CryptoMvvmTests.swift; sourceTree = "<group>"; };
		5DBA078C298EA2C80038522A /* CryptoMvvmUITests.xctest */ = {isa = PBXFileReference; explicitFileType = wrapper.cfbundle; includeInIndex = 0; path = CryptoMvvmUITests.xctest; sourceTree = BUILT_PRODUCTS_DIR; };
		5DBA0790298EA2C80038522A /* CryptoMvvmUITests.swift */ = {isa = PBXFileReference; lastKnownFileType = sourcecode.swift; path = CryptoMvvmUITests.swift; sourceTree = "<group>"; };
		5DBA0792298EA2C80038522A /* CryptoMvvmUITestsLaunchTests.swift */ = {isa = PBXFileReference; lastKnownFileType = sourcecode.swift; path = CryptoMvvmUITestsLaunchTests.swift; sourceTree = "<group>"; };
		5DBA079F298EA41D0038522A /* CryptoTableViewCell.swift */ = {isa = PBXFileReference; lastKnownFileType = sourcecode.swift; path = CryptoTableViewCell.swift; sourceTree = "<group>"; };
		5DBA07A6298EA5C90038522A /* CryptoCurrency.swift */ = {isa = PBXFileReference; lastKnownFileType = sourcecode.swift; path = CryptoCurrency.swift; sourceTree = "<group>"; };
		5DBA07A8298EA6BD0038522A /* CryptoService.swift */ = {isa = PBXFileReference; lastKnownFileType = sourcecode.swift; path = CryptoService.swift; sourceTree = "<group>"; };
		5DBA07AA298EAE390038522A /* CryptoViewModel.swift */ = {isa = PBXFileReference; lastKnownFileType = sourcecode.swift; path = CryptoViewModel.swift; sourceTree = "<group>"; };
/* End PBXFileReference section */

/* Begin PBXFrameworksBuildPhase section */
		5DBA0769298EA2C70038522A /* Frameworks */ = {
			isa = PBXFrameworksBuildPhase;
			buildActionMask = 2147483647;
			files = (
			);
			runOnlyForDeploymentPostprocessing = 0;
		};
		5DBA077F298EA2C80038522A /* Frameworks */ = {
			isa = PBXFrameworksBuildPhase;
			buildActionMask = 2147483647;
			files = (
			);
			runOnlyForDeploymentPostprocessing = 0;
		};
		5DBA0789298EA2C80038522A /* Frameworks */ = {
			isa = PBXFrameworksBuildPhase;
			buildActionMask = 2147483647;
			files = (
			);
			runOnlyForDeploymentPostprocessing = 0;
		};
/* End PBXFrameworksBuildPhase section */

/* Begin PBXGroup section */
		5DBA0763298EA2C70038522A = {
			isa = PBXGroup;
			children = (
				5DBA076E298EA2C70038522A /* CryptoMvvm */,
				5DBA0785298EA2C80038522A /* CryptoMvvmTests */,
				5DBA078F298EA2C80038522A /* CryptoMvvmUITests */,
				5DBA076D298EA2C70038522A /* Products */,
			);
			sourceTree = "<group>";
		};
		5DBA076D298EA2C70038522A /* Products */ = {
			isa = PBXGroup;
			children = (
				5DBA076C298EA2C70038522A /* CryptoMvvm.app */,
				5DBA0782298EA2C80038522A /* CryptoMvvmTests.xctest */,
				5DBA078C298EA2C80038522A /* CryptoMvvmUITests.xctest */,
			);
			name = Products;
			sourceTree = "<group>";
		};
		5DBA076E298EA2C70038522A /* CryptoMvvm */ = {
			isa = PBXGroup;
			children = (
				5DBA07A5298EA5960038522A /* Service */,
				5DBA07A4298EA58F0038522A /* Model */,
				5DBA07A3298EA5880038522A /* ViewModel */,
				5DBA07A1298EA56E0038522A /* View */,
				5DBA0775298EA2C70038522A /* Main.storyboard */,
				5DBA0778298EA2C80038522A /* Assets.xcassets */,
				5DBA077A298EA2C80038522A /* LaunchScreen.storyboard */,
				5DBA077D298EA2C80038522A /* Info.plist */,
			);
			path = CryptoMvvm;
			sourceTree = "<group>";
		};
		5DBA0785298EA2C80038522A /* CryptoMvvmTests */ = {
			isa = PBXGroup;
			children = (
				5DBA0786298EA2C80038522A /* CryptoMvvmTests.swift */,
			);
			path = CryptoMvvmTests;
			sourceTree = "<group>";
		};
		5DBA078F298EA2C80038522A /* CryptoMvvmUITests */ = {
			isa = PBXGroup;
			children = (
				5DBA0790298EA2C80038522A /* CryptoMvvmUITests.swift */,
				5DBA0792298EA2C80038522A /* CryptoMvvmUITestsLaunchTests.swift */,
			);
			path = CryptoMvvmUITests;
			sourceTree = "<group>";
		};
		5DBA07A1298EA56E0038522A /* View */ = {
			isa = PBXGroup;
			children = (
				5DBA079F298EA41D0038522A /* CryptoTableViewCell.swift */,
				5DBA0773298EA2C70038522A /* ViewController.swift */,
				5DBA0771298EA2C70038522A /* SceneDelegate.swift */,
				5DBA076F298EA2C70038522A /* AppDelegate.swift */,
			);
			path = View;
			sourceTree = "<group>";
		};
		5DBA07A3298EA5880038522A /* ViewModel */ = {
			isa = PBXGroup;
			children = (
				5DBA07AA298EAE390038522A /* CryptoViewModel.swift */,
			);
			path = ViewModel;
			sourceTree = "<group>";
		};
		5DBA07A4298EA58F0038522A /* Model */ = {
			isa = PBXGroup;
			children = (
				5DBA07A6298EA5C90038522A /* CryptoCurrency.swift */,
			);
			path = Model;
			sourceTree = "<group>";
		};
		5DBA07A5298EA5960038522A /* Service */ = {
			isa = PBXGroup;
			children = (
				5DBA07A8298EA6BD0038522A /* CryptoService.swift */,
			);
			path = Service;
			sourceTree = "<group>";
		};
/* End PBXGroup section */

/* Begin PBXNativeTarget section */
		5DBA076B298EA2C70038522A /* CryptoMvvm */ = {
			isa = PBXNativeTarget;
			buildConfigurationList = 5DBA0796298EA2C80038522A /* Build configuration list for PBXNativeTarget "CryptoMvvm" */;
			buildPhases = (
				5DBA0768298EA2C70038522A /* Sources */,
				5DBA0769298EA2C70038522A /* Frameworks */,
				5DBA076A298EA2C70038522A /* Resources */,
			);
			buildRules = (
			);
			dependencies = (
			);
			name = CryptoMvvm;
			productName = CryptoMvvm;
			productReference = 5DBA076C298EA2C70038522A /* CryptoMvvm.app */;
			productType = "com.apple.product-type.application";
		};
		5DBA0781298EA2C80038522A /* CryptoMvvmTests */ = {
			isa = PBXNativeTarget;
			buildConfigurationList = 5DBA0799298EA2C80038522A /* Build configuration list for PBXNativeTarget "CryptoMvvmTests" */;
			buildPhases = (
				5DBA077E298EA2C80038522A /* Sources */,
				5DBA077F298EA2C80038522A /* Frameworks */,
				5DBA0780298EA2C80038522A /* Resources */,
			);
			buildRules = (
			);
			dependencies = (
				5DBA0784298EA2C80038522A /* PBXTargetDependency */,
			);
			name = CryptoMvvmTests;
			productName = CryptoMvvmTests;
			productReference = 5DBA0782298EA2C80038522A /* CryptoMvvmTests.xctest */;
			productType = "com.apple.product-type.bundle.unit-test";
		};
		5DBA078B298EA2C80038522A /* CryptoMvvmUITests */ = {
			isa = PBXNativeTarget;
			buildConfigurationList = 5DBA079C298EA2C80038522A /* Build configuration list for PBXNativeTarget "CryptoMvvmUITests" */;
			buildPhases = (
				5DBA0788298EA2C80038522A /* Sources */,
				5DBA0789298EA2C80038522A /* Frameworks */,
				5DBA078A298EA2C80038522A /* Resources */,
			);
			buildRules = (
			);
			dependencies = (
				5DBA078E298EA2C80038522A /* PBXTargetDependency */,
			);
			name = CryptoMvvmUITests;
			productName = CryptoMvvmUITests;
			productReference = 5DBA078C298EA2C80038522A /* CryptoMvvmUITests.xctest */;
			productType = "com.apple.product-type.bundle.ui-testing";
		};
/* End PBXNativeTarget section */

/* Begin PBXProject section */
		5DBA0764298EA2C70038522A /* Project object */ = {
			isa = PBXProject;
			attributes = {
				BuildIndependentTargetsInParallel = 1;
				LastSwiftUpdateCheck = 1420;
				LastUpgradeCheck = 1420;
				TargetAttributes = {
					5DBA076B298EA2C70038522A = {
						CreatedOnToolsVersion = 14.2;
					};
					5DBA0781298EA2C80038522A = {
						CreatedOnToolsVersion = 14.2;
						TestTargetID = 5DBA076B298EA2C70038522A;
					};
					5DBA078B298EA2C80038522A = {
						CreatedOnToolsVersion = 14.2;
						TestTargetID = 5DBA076B298EA2C70038522A;
					};
				};
			};
			buildConfigurationList = 5DBA0767298EA2C70038522A /* Build configuration list for PBXProject "CryptoMvvm" */;
			compatibilityVersion = "Xcode 14.0";
			developmentRegion = en;
			hasScannedForEncodings = 0;
			knownRegions = (
				en,
				Base,
			);
			mainGroup = 5DBA0763298EA2C70038522A;
			productRefGroup = 5DBA076D298EA2C70038522A /* Products */;
			projectDirPath = "";
			projectRoot = "";
			targets = (
				5DBA076B298EA2C70038522A /* CryptoMvvm */,
				5DBA0781298EA2C80038522A /* CryptoMvvmTests */,
				5DBA078B298EA2C80038522A /* CryptoMvvmUITests */,
			);
		};
/* End PBXProject section */

/* Begin PBXResourcesBuildPhase section */
		5DBA076A298EA2C70038522A /* Resources */ = {
			isa = PBXResourcesBuildPhase;
			buildActionMask = 2147483647;
			files = (
				5DBA077C298EA2C80038522A /* LaunchScreen.storyboard in Resources */,
				5DBA0779298EA2C80038522A /* Assets.xcassets in Resources */,
				5DBA0777298EA2C70038522A /* Main.storyboard in Resources */,
			);
			runOnlyForDeploymentPostprocessing = 0;
		};
		5DBA0780298EA2C80038522A /* Resources */ = {
			isa = PBXResourcesBuildPhase;
			buildActionMask = 2147483647;
			files = (
			);
			runOnlyForDeploymentPostprocessing = 0;
		};
		5DBA078A298EA2C80038522A /* Resources */ = {
			isa = PBXResourcesBuildPhase;
			buildActionMask = 2147483647;
			files = (
			);
			runOnlyForDeploymentPostprocessing = 0;
		};
/* End PBXResourcesBuildPhase section */

/* Begin PBXSourcesBuildPhase section */
		5DBA0768298EA2C70038522A /* Sources */ = {
			isa = PBXSourcesBuildPhase;
			buildActionMask = 2147483647;
			files = (
				5DBA07A0298EA41D0038522A /* CryptoTableViewCell.swift in Sources */,
				5DBA0774298EA2C70038522A /* ViewController.swift in Sources */,
				5DBA0770298EA2C70038522A /* AppDelegate.swift in Sources */,
				5DBA07AB298EAE390038522A /* CryptoViewModel.swift in Sources */,
				5DBA07A7298EA5C90038522A /* CryptoCurrency.swift in Sources */,
				5DBA07A9298EA6BD0038522A /* CryptoService.swift in Sources */,
				5DBA0772298EA2C70038522A /* SceneDelegate.swift in Sources */,
			);
			runOnlyForDeploymentPostprocessing = 0;
		};
		5DBA077E298EA2C80038522A /* Sources */ = {
			isa = PBXSourcesBuildPhase;
			buildActionMask = 2147483647;
			files = (
				5DBA0787298EA2C80038522A /* CryptoMvvmTests.swift in Sources */,
			);
			runOnlyForDeploymentPostprocessing = 0;
		};
		5DBA0788298EA2C80038522A /* Sources */ = {
			isa = PBXSourcesBuildPhase;
			buildActionMask = 2147483647;
			files = (
				5DBA0791298EA2C80038522A /* CryptoMvvmUITests.swift in Sources */,
				5DBA0793298EA2C80038522A /* CryptoMvvmUITestsLaunchTests.swift in Sources */,
			);
			runOnlyForDeploymentPostprocessing = 0;
		};
/* End PBXSourcesBuildPhase section */

/* Begin PBXTargetDependency section */
		5DBA0784298EA2C80038522A /* PBXTargetDependency */ = {
			isa = PBXTargetDependency;
			target = 5DBA076B298EA2C70038522A /* CryptoMvvm */;
			targetProxy = 5DBA0783298EA2C80038522A /* PBXContainerItemProxy */;
		};
		5DBA078E298EA2C80038522A /* PBXTargetDependency */ = {
			isa = PBXTargetDependency;
			target = 5DBA076B298EA2C70038522A /* CryptoMvvm */;
			targetProxy = 5DBA078D298EA2C80038522A /* PBXContainerItemProxy */;
		};
/* End PBXTargetDependency section */

/* Begin PBXVariantGroup section */
		5DBA0775298EA2C70038522A /* Main.storyboard */ = {
			isa = PBXVariantGroup;
			children = (
				5DBA0776298EA2C70038522A /* Base */,
			);
			name = Main.storyboard;
			sourceTree = "<group>";
		};
		5DBA077A298EA2C80038522A /* LaunchScreen.storyboard */ = {
			isa = PBXVariantGroup;
			children = (
				5DBA077B298EA2C80038522A /* Base */,
			);
			name = LaunchScreen.storyboard;
			sourceTree = "<group>";
		};
/* End PBXVariantGroup section */

/* Begin XCBuildConfiguration section */
		5DBA0794298EA2C80038522A /* Debug */ = {
			isa = XCBuildConfiguration;
			buildSettings = {
				ALWAYS_SEARCH_USER_PATHS = NO;
				CLANG_ANALYZER_NONNULL = YES;
				CLANG_ANALYZER_NUMBER_OBJECT_CONVERSION = YES_AGGRESSIVE;
				CLANG_CXX_LANGUAGE_STANDARD = "gnu++20";
				CLANG_ENABLE_MODULES = YES;
				CLANG_ENABLE_OBJC_ARC = YES;
				CLANG_ENABLE_OBJC_WEAK = YES;
				CLANG_WARN_BLOCK_CAPTURE_AUTORELEASING = YES;
				CLANG_WARN_BOOL_CONVERSION = YES;
				CLANG_WARN_COMMA = YES;
				CLANG_WARN_CONSTANT_CONVERSION = YES;
				CLANG_WARN_DEPRECATED_OBJC_IMPLEMENTATIONS = YES;
				CLANG_WARN_DIRECT_OBJC_ISA_USAGE = YES_ERROR;
				CLANG_WARN_DOCUMENTATION_COMMENTS = YES;
				CLANG_WARN_EMPTY_BODY = YES;
				CLANG_WARN_ENUM_CONVERSION = YES;
				CLANG_WARN_INFINITE_RECURSION = YES;
				CLANG_WARN_INT_CONVERSION = YES;
				CLANG_WARN_NON_LITERAL_NULL_CONVERSION = YES;
				CLANG_WARN_OBJC_IMPLICIT_RETAIN_SELF = YES;
				CLANG_WARN_OBJC_LITERAL_CONVERSION = YES;
				CLANG_WARN_OBJC_ROOT_CLASS = YES_ERROR;
				CLANG_WARN_QUOTED_INCLUDE_IN_FRAMEWORK_HEADER = YES;
				CLANG_WARN_RANGE_LOOP_ANALYSIS = YES;
				CLANG_WARN_STRICT_PROTOTYPES = YES;
				CLANG_WARN_SUSPICIOUS_MOVE = YES;
				CLANG_WARN_UNGUARDED_AVAILABILITY = YES_AGGRESSIVE;
				CLANG_WARN_UNREACHABLE_CODE = YES;
				CLANG_WARN__DUPLICATE_METHOD_MATCH = YES;
				COPY_PHASE_STRIP = NO;
				DEBUG_INFORMATION_FORMAT = dwarf;
				ENABLE_STRICT_OBJC_MSGSEND = YES;
				ENABLE_TESTABILITY = YES;
				GCC_C_LANGUAGE_STANDARD = gnu11;
				GCC_DYNAMIC_NO_PIC = NO;
				GCC_NO_COMMON_BLOCKS = YES;
				GCC_OPTIMIZATION_LEVEL = 0;
				GCC_PREPROCESSOR_DEFINITIONS = (
					"DEBUG=1",
					"$(inherited)",
				);
				GCC_WARN_64_TO_32_BIT_CONVERSION = YES;
				GCC_WARN_ABOUT_RETURN_TYPE = YES_ERROR;
				GCC_WARN_UNDECLARED_SELECTOR = YES;
				GCC_WARN_UNINITIALIZED_AUTOS = YES_AGGRESSIVE;
				GCC_WARN_UNUSED_FUNCTION = YES;
				GCC_WARN_UNUSED_VARIABLE = YES;
				IPHONEOS_DEPLOYMENT_TARGET = 16.2;
				MTL_ENABLE_DEBUG_INFO = INCLUDE_SOURCE;
				MTL_FAST_MATH = YES;
				ONLY_ACTIVE_ARCH = YES;
				SDKROOT = iphoneos;
				SWIFT_ACTIVE_COMPILATION_CONDITIONS = DEBUG;
				SWIFT_OPTIMIZATION_LEVEL = "-Onone";
			};
			name = Debug;
		};
		5DBA0795298EA2C80038522A /* Release */ = {
			isa = XCBuildConfiguration;
			buildSettings = {
				ALWAYS_SEARCH_USER_PATHS = NO;
				CLANG_ANALYZER_NONNULL = YES;
				CLANG_ANALYZER_NUMBER_OBJECT_CONVERSION = YES_AGGRESSIVE;
				CLANG_CXX_LANGUAGE_STANDARD = "gnu++20";
				CLANG_ENABLE_MODULES = YES;
				CLANG_ENABLE_OBJC_ARC = YES;
				CLANG_ENABLE_OBJC_WEAK = YES;
				CLANG_WARN_BLOCK_CAPTURE_AUTORELEASING = YES;
				CLANG_WARN_BOOL_CONVERSION = YES;
				CLANG_WARN_COMMA = YES;
				CLANG_WARN_CONSTANT_CONVERSION = YES;
				CLANG_WARN_DEPRECATED_OBJC_IMPLEMENTATIONS = YES;
				CLANG_WARN_DIRECT_OBJC_ISA_USAGE = YES_ERROR;
				CLANG_WARN_DOCUMENTATION_COMMENTS = YES;
				CLANG_WARN_EMPTY_BODY = YES;
				CLANG_WARN_ENUM_CONVERSION = YES;
				CLANG_WARN_INFINITE_RECURSION = YES;
				CLANG_WARN_INT_CONVERSION = YES;
				CLANG_WARN_NON_LITERAL_NULL_CONVERSION = YES;
				CLANG_WARN_OBJC_IMPLICIT_RETAIN_SELF = YES;
				CLANG_WARN_OBJC_LITERAL_CONVERSION = YES;
				CLANG_WARN_OBJC_ROOT_CLASS = YES_ERROR;
				CLANG_WARN_QUOTED_INCLUDE_IN_FRAMEWORK_HEADER = YES;
				CLANG_WARN_RANGE_LOOP_ANALYSIS = YES;
				CLANG_WARN_STRICT_PROTOTYPES = YES;
				CLANG_WARN_SUSPICIOUS_MOVE = YES;
				CLANG_WARN_UNGUARDED_AVAILABILITY = YES_AGGRESSIVE;
				CLANG_WARN_UNREACHABLE_CODE = YES;
				CLANG_WARN__DUPLICATE_METHOD_MATCH = YES;
				COPY_PHASE_STRIP = NO;
				DEBUG_INFORMATION_FORMAT = "dwarf-with-dsym";
				ENABLE_NS_ASSERTIONS = NO;
				ENABLE_STRICT_OBJC_MSGSEND = YES;
				GCC_C_LANGUAGE_STANDARD = gnu11;
				GCC_NO_COMMON_BLOCKS = YES;
				GCC_WARN_64_TO_32_BIT_CONVERSION = YES;
				GCC_WARN_ABOUT_RETURN_TYPE = YES_ERROR;
				GCC_WARN_UNDECLARED_SELECTOR = YES;
				GCC_WARN_UNINITIALIZED_AUTOS = YES_AGGRESSIVE;
				GCC_WARN_UNUSED_FUNCTION = YES;
				GCC_WARN_UNUSED_VARIABLE = YES;
				IPHONEOS_DEPLOYMENT_TARGET = 16.2;
				MTL_ENABLE_DEBUG_INFO = NO;
				MTL_FAST_MATH = YES;
				SDKROOT = iphoneos;
				SWIFT_COMPILATION_MODE = wholemodule;
				SWIFT_OPTIMIZATION_LEVEL = "-O";
				VALIDATE_PRODUCT = YES;
			};
			name = Release;
		};
		5DBA0797298EA2C80038522A /* Debug */ = {
			isa = XCBuildConfiguration;
			buildSettings = {
				ASSETCATALOG_COMPILER_APPICON_NAME = AppIcon;
				ASSETCATALOG_COMPILER_GLOBAL_ACCENT_COLOR_NAME = AccentColor;
				CODE_SIGN_STYLE = Automatic;
				CURRENT_PROJECT_VERSION = 1;
				GENERATE_INFOPLIST_FILE = YES;
				INFOPLIST_FILE = CryptoMvvm/Info.plist;
				INFOPLIST_KEY_UIApplicationSupportsIndirectInputEvents = YES;
				INFOPLIST_KEY_UILaunchStoryboardName = LaunchScreen;
				INFOPLIST_KEY_UIMainStoryboardFile = Main;
				INFOPLIST_KEY_UISupportedInterfaceOrientations_iPad = "UIInterfaceOrientationPortrait UIInterfaceOrientationPortraitUpsideDown UIInterfaceOrientationLandscapeLeft UIInterfaceOrientationLandscapeRight";
				INFOPLIST_KEY_UISupportedInterfaceOrientations_iPhone = "UIInterfaceOrientationPortrait UIInterfaceOrientationLandscapeLeft UIInterfaceOrientationLandscapeRight";
				LD_RUNPATH_SEARCH_PATHS = (
					"$(inherited)",
					"@executable_path/Frameworks",
				);
				MARKETING_VERSION = 1.0;
				PRODUCT_BUNDLE_IDENTIFIER = com.example.CryptoMvvm;
				PRODUCT_NAME = "$(TARGET_NAME)";
				SWIFT_EMIT_LOC_STRINGS = YES;
				SWIFT_VERSION = 5.0;
				TARGETED_DEVICE_FAMILY = "1,2";
			};
			name = Debug;
		};
		5DBA0798298EA2C80038522A /* Release */ = {
			isa = XCBuildConfiguration;
			buildSettings = {
				ASSETCATALOG_COMPILER_APPICON_NAME = AppIcon;
				ASSETCATALOG_COMPILER_GLOBAL_ACCENT_COLOR_NAME = AccentColor;
				CODE_SIGN_STYLE = Automatic;
				CURRENT_PROJECT_VERSION = 1;
				GENERATE_INFOPLIST_FILE = YES;
				INFOPLIST_FILE = CryptoMvvm/Info.plist;
				INFOPLIST_KEY_UIApplicationSupportsIndirectInputEvents = YES;
				INFOPLIST_KEY_UILaunchStoryboardName = LaunchScreen;
				INFOPLIST_KEY_UIMainStoryboardFile = Main;
				INFOPLIST_KEY_UISupportedInterfaceOrientations_iPad = "UIInterfaceOrientationPortrait UIInterfaceOrientationPortraitUpsideDown UIInterfaceOrientationLandscapeLeft UIInterfaceOrientationLandscapeRight";
				INFOPLIST_KEY_UISupportedInterfaceOrientations_iPhone = "UIInterfaceOrientationPortrait UIInterfaceOrientationLandscapeLeft UIInterfaceOrientationLandscapeRight";
				LD_RUNPATH_SEARCH_PATHS = (
					"$(inherited)",
					"@executable_path/Frameworks",
				);
				MARKETING_VERSION = 1.0;
				PRODUCT_BUNDLE_IDENTIFIER = com.example.CryptoMvvm;
				PRODUCT_NAME = "$(TARGET_NAME)";
				SWIFT_EMIT_LOC_STRINGS = YES;
				SWIFT_VERSION = 5.0;
				TARGETED_DEVICE_FAMILY = "1,2";
			};
			name = Release;
		};
		5DBA079A298EA2C80038522A /* Debug */ = {
			isa = XCBuildConfiguration;
			buildSettings = {
				ALWAYS_EMBED_SWIFT_STANDARD_LIBRARIES = YES;
				BUNDLE_LOADER = "$(TEST_HOST)";
				CODE_SIGN_STYLE = Automatic;
				CURRENT_PROJECT_VERSION = 1;
				GENERATE_INFOPLIST_FILE = YES;
				IPHONEOS_DEPLOYMENT_TARGET = 16.2;
				MARKETING_VERSION = 1.0;
				PRODUCT_BUNDLE_IDENTIFIER = com.example.CryptoMvvmTests;
				PRODUCT_NAME = "$(TARGET_NAME)";
				SWIFT_EMIT_LOC_STRINGS = NO;
				SWIFT_VERSION = 5.0;
				TARGETED_DEVICE_FAMILY = "1,2";
				TEST_HOST = "$(BUILT_PRODUCTS_DIR)/CryptoMvvm.app/$(BUNDLE_EXECUTABLE_FOLDER_PATH)/CryptoMvvm";
			};
			name = Debug;
		};
		5DBA079B298EA2C80038522A /* Release */ = {
			isa = XCBuildConfiguration;
			buildSettings = {
				ALWAYS_EMBED_SWIFT_STANDARD_LIBRARIES = YES;
				BUNDLE_LOADER = "$(TEST_HOST)";
				CODE_SIGN_STYLE = Automatic;
				CURRENT_PROJECT_VERSION = 1;
				GENERATE_INFOPLIST_FILE = YES;
				IPHONEOS_DEPLOYMENT_TARGET = 16.2;
				MARKETING_VERSION = 1.0;
				PRODUCT_BUNDLE_IDENTIFIER = com.example.CryptoMvvmTests;
				PRODUCT_NAME = "$(TARGET_NAME)";
				SWIFT_EMIT_LOC_STRINGS = NO;
				SWIFT_VERSION = 5.0;
				TARGETED_DEVICE_FAMILY = "1,2";
				TEST_HOST = "$(BUILT_PRODUCTS_DIR)/CryptoMvvm.app/$(BUNDLE_EXECUTABLE_FOLDER_PATH)/CryptoMvvm";
			};
			name = Release;
		};
		5DBA079D298EA2C80038522A /* Debug */ = {
			isa = XCBuildConfiguration;
			buildSettings = {
				ALWAYS_EMBED_SWIFT_STANDARD_LIBRARIES = YES;
				CODE_SIGN_STYLE = Automatic;
				CURRENT_PROJECT_VERSION = 1;
				GENERATE_INFOPLIST_FILE = YES;
				MARKETING_VERSION = 1.0;
				PRODUCT_BUNDLE_IDENTIFIER = com.example.CryptoMvvmUITests;
				PRODUCT_NAME = "$(TARGET_NAME)";
				SWIFT_EMIT_LOC_STRINGS = NO;
				SWIFT_VERSION = 5.0;
				TARGETED_DEVICE_FAMILY = "1,2";
				TEST_TARGET_NAME = CryptoMvvm;
			};
			name = Debug;
		};
		5DBA079E298EA2C80038522A /* Release */ = {
			isa = XCBuildConfiguration;
			buildSettings = {
				ALWAYS_EMBED_SWIFT_STANDARD_LIBRARIES = YES;
				CODE_SIGN_STYLE = Automatic;
				CURRENT_PROJECT_VERSION = 1;
				GENERATE_INFOPLIST_FILE = YES;
				MARKETING_VERSION = 1.0;
				PRODUCT_BUNDLE_IDENTIFIER = com.example.CryptoMvvmUITests;
				PRODUCT_NAME = "$(TARGET_NAME)";
				SWIFT_EMIT_LOC_STRINGS = NO;
				SWIFT_VERSION = 5.0;
				TARGETED_DEVICE_FAMILY = "1,2";
				TEST_TARGET_NAME = CryptoMvvm;
			};
			name = Release;
		};
/* End XCBuildConfiguration section */

/* Begin XCConfigurationList section */
		5DBA0767298EA2C70038522A /* Build configuration list for PBXProject "CryptoMvvm" */ = {
			isa = XCConfigurationList;
			buildConfigurations = (
				5DBA0794298EA2C80038522A /* Debug */,
				5DBA0795298EA2C80038522A /* Release */,
			);
			defaultConfigurationIsVisible = 0;
			defaultConfigurationName = Release;
		};
		5DBA0796298EA2C80038522A /* Build configuration list for PBXNativeTarget "CryptoMvvm" */ = {
			isa = XCConfigurationList;
			buildConfigurations = (
				5DBA0797298EA2C80038522A /* Debug */,
				5DBA0798298EA2C80038522A /* Release */,
			);
			defaultConfigurationIsVisible = 0;
			defaultConfigurationName = Release;
		};
		5DBA0799298EA2C80038522A /* Build configuration list for PBXNativeTarget "CryptoMvvmTests" */ = {
			isa = XCConfigurationList;
			buildConfigurations = (
				5DBA079A298EA2C80038522A /* Debug */,
				5DBA079B298EA2C80038522A /* Release */,
			);
			defaultConfigurationIsVisible = 0;
			defaultConfigurationName = Release;
		};
		5DBA079C298EA2C80038522A /* Build configuration list for PBXNativeTarget "CryptoMvvmUITests" */ = {
			isa = XCConfigurationList;
			buildConfigurations = (
				5DBA079D298EA2C80038522A /* Debug */,
				5DBA079E298EA2C80038522A /* Release */,
			);
			defaultConfigurationIsVisible = 0;
			defaultConfigurationName = Release;
		};
/* End XCConfigurationList section */
	};
	rootObject = 5DBA0764298EA2C70038522A /* Project object */;
}
